
Microsoft Visual Studio Solution File, Format Version 12.00
# Visual Studio Version 16
VisualStudioVersion = 16.0.31515.178
MinimumVisualStudioVersion = 10.0.40219.1
Project("{FAE04EC0-301F-11D3-BF4B-00C04F79EFBC}") = "WPF ZooManager", "WPF ZooManager.csproj", "{AC45C8AA-2A23-43E2-A474-2FC3AD03512C}"
EndProject
Global
	GlobalSection(SolutionConfigurationPlatforms) = preSolution
		Debug|Any CPU = Debug|Any CPU
		Release|Any CPU = Release|Any CPU
	EndGlobalSection
	GlobalSection(ProjectConfigurationPlatforms) = postSolution
		{AC45C8AA-2A23-43E2-A474-2FC3AD03512C}.Debug|Any CPU.ActiveCfg = Debug|Any CPU
		{AC45C8AA-2A23-43E2-A474-2FC3AD03512C}.Debug|Any CPU.Build.0 = Debug|Any CPU
		{AC45C8AA-2A23-43E2-A474-2FC3AD03512C}.Release|Any CPU.ActiveCfg = Release|Any CPU
		{AC45C8AA-2A23-43E2-A474-2FC3AD03512C}.Release|Any CPU.Build.0 = Release|Any CPU
	EndGlobalSection
	GlobalSection(SolutionProperties) = preSolution
		HideSolutionNode = FALSE
	EndGlobalSection
	GlobalSection(ExtensibilityGlobals) = postSolution
		SolutionGuid = {20125552-6FDB-4B81-BD52-B3DB751809E0}
	EndGlobalSection
EndGlobal
